
Microsoft Visual Studio Solution File, Format Version 11.00
# Visual C++ Express 2010
Project("{8BC9CEB8-8B4A-11D0-8D11-00A0C91BC942}") = "Layer_List_Parse", "Layer_List_Parse\Layer_List_Parse.vcxproj", "{002E3B59-E3B0-4358-9256-53722F875A47}"
EndProject
Global
	GlobalSection(SolutionConfigurationPlatforms) = preSolution
		Debug|Win32 = Debug|Win32
		Release|Win32 = Release|Win32
	EndGlobalSection
	GlobalSection(ProjectConfigurationPlatforms) = postSolution
		{002E3B59-E3B0-4358-9256-53722F875A47}.Debug|Win32.ActiveCfg = Debug|Win32
		{002E3B59-E3B0-4358-9256-53722F875A47}.Debug|Win32.Build.0 = Debug|Win32
		{002E3B59-E3B0-4358-9256-53722F875A47}.Release|Win32.ActiveCfg = Release|Win32
		{002E3B59-E3B0-4358-9256-53722F875A47}.Release|Win32.Build.0 = Release|Win32
	EndGlobalSection
	GlobalSection(SolutionProperties) = preSolution
		HideSolutionNode = FALSE
	EndGlobalSection
EndGlobal
